
Microsoft Visual Studio Solution File, Format Version 12.00
# Visual Studio Version 17
VisualStudioVersion = 17.7.34031.279
MinimumVisualStudioVersion = 10.0.40219.1
Project("{FAE04EC0-301F-11D3-BF4B-00C04F79EFBC}") = "XO-Desktop-App", "XO-Desktop-App\XO-Desktop-App.csproj", "{2515F981-CA15-43A5-9E1D-9E5F62767768}"
EndProject
Global
	GlobalSection(SolutionConfigurationPlatforms) = preSolution
		Debug|Any CPU = Debug|Any CPU
		Release|Any CPU = Release|Any CPU
	EndGlobalSection
	GlobalSection(ProjectConfigurationPlatforms) = postSolution
		{2515F981-CA15-43A5-9E1D-9E5F62767768}.Debug|Any CPU.ActiveCfg = Debug|Any CPU
		{2515F981-CA15-43A5-9E1D-9E5F62767768}.Debug|Any CPU.Build.0 = Debug|Any CPU
		{2515F981-CA15-43A5-9E1D-9E5F62767768}.Release|Any CPU.ActiveCfg = Release|Any CPU
		{2515F981-CA15-43A5-9E1D-9E5F62767768}.Release|Any CPU.Build.0 = Release|Any CPU
	EndGlobalSection
	GlobalSection(SolutionProperties) = preSolution
		HideSolutionNode = FALSE
	EndGlobalSection
	GlobalSection(ExtensibilityGlobals) = postSolution
		SolutionGuid = {A81A86FB-3FF0-4EC9-8E84-2B892E321C03}
	EndGlobalSection
EndGlobal
